
Microsoft Visual Studio Solution File, Format Version 12.00
# Visual Studio Version 17
VisualStudioVersion = 17.5.33516.290
MinimumVisualStudioVersion = 10.0.40219.1
Project("{FAE04EC0-301F-11D3-BF4B-00C04F79EFBC}") = "day-07", "day-07\day-07.csproj", "{9BD339D9-4BB5-4A88-99F3-57F4B5D87772}"
EndProject
Global
	GlobalSection(SolutionConfigurationPlatforms) = preSolution
		Debug|Any CPU = Debug|Any CPU
		Release|Any CPU = Release|Any CPU
	EndGlobalSection
	GlobalSection(ProjectConfigurationPlatforms) = postSolution
		{9BD339D9-4BB5-4A88-99F3-57F4B5D87772}.Debug|Any CPU.ActiveCfg = Debug|Any CPU
		{9BD339D9-4BB5-4A88-99F3-57F4B5D87772}.Debug|Any CPU.Build.0 = Debug|Any CPU
		{9BD339D9-4BB5-4A88-99F3-57F4B5D87772}.Release|Any CPU.ActiveCfg = Release|Any CPU
		{9BD339D9-4BB5-4A88-99F3-57F4B5D87772}.Release|Any CPU.Build.0 = Release|Any CPU
	EndGlobalSection
	GlobalSection(SolutionProperties) = preSolution
		HideSolutionNode = FALSE
	EndGlobalSection
	GlobalSection(ExtensibilityGlobals) = postSolution
		SolutionGuid = {7F968D2F-671B-46EB-8C53-38FEEA392235}
	EndGlobalSection
EndGlobal
